
Microsoft Visual Studio Solution File, Format Version 12.00
# Visual Studio Version 17
VisualStudioVersion = 17.0.32126.317
MinimumVisualStudioVersion = 10.0.40219.1
Project("{FAE04EC0-301F-11D3-BF4B-00C04F79EFBC}") = "HomeWork2", "HomeWork2.csproj", "{3340D812-67E8-4A7E-AD98-993A903ACF17}"
EndProject
Global
	GlobalSection(SolutionConfigurationPlatforms) = preSolution
		Debug|Any CPU = Debug|Any CPU
		Release|Any CPU = Release|Any CPU
	EndGlobalSection
	GlobalSection(ProjectConfigurationPlatforms) = postSolution
		{3340D812-67E8-4A7E-AD98-993A903ACF17}.Debug|Any CPU.ActiveCfg = Debug|Any CPU
		{3340D812-67E8-4A7E-AD98-993A903ACF17}.Debug|Any CPU.Build.0 = Debug|Any CPU
		{3340D812-67E8-4A7E-AD98-993A903ACF17}.Release|Any CPU.ActiveCfg = Release|Any CPU
		{3340D812-67E8-4A7E-AD98-993A903ACF17}.Release|Any CPU.Build.0 = Release|Any CPU
	EndGlobalSection
	GlobalSection(SolutionProperties) = preSolution
		HideSolutionNode = FALSE
	EndGlobalSection
	GlobalSection(ExtensibilityGlobals) = postSolution
		SolutionGuid = {4032335E-AA19-4E29-946B-68B41D1E345A}
	EndGlobalSection
EndGlobal
